
Microsoft Visual Studio Solution File, Format Version 12.00
# Visual Studio 15
VisualStudioVersion = 15.0.27703.1
MinimumVisualStudioVersion = 10.0.40219.1
Project("{FAE04EC0-301F-11D3-BF4B-00C04F79EFBC}") = "BusControlApp", "BusControlApp\BusControlApp.csproj", "{D6EE6F64-8936-4BB6-8FB0-3EA22FD0ACFC}"
EndProject
Global
	GlobalSection(SolutionConfigurationPlatforms) = preSolution
		Debug|Any CPU = Debug|Any CPU
		Release|Any CPU = Release|Any CPU
	EndGlobalSection
	GlobalSection(ProjectConfigurationPlatforms) = postSolution
		{D6EE6F64-8936-4BB6-8FB0-3EA22FD0ACFC}.Debug|Any CPU.ActiveCfg = Debug|Any CPU
		{D6EE6F64-8936-4BB6-8FB0-3EA22FD0ACFC}.Debug|Any CPU.Build.0 = Debug|Any CPU
		{D6EE6F64-8936-4BB6-8FB0-3EA22FD0ACFC}.Release|Any CPU.ActiveCfg = Release|Any CPU
		{D6EE6F64-8936-4BB6-8FB0-3EA22FD0ACFC}.Release|Any CPU.Build.0 = Release|Any CPU
	EndGlobalSection
	GlobalSection(SolutionProperties) = preSolution
		HideSolutionNode = FALSE
	EndGlobalSection
	GlobalSection(ExtensibilityGlobals) = postSolution
		SolutionGuid = {983A1D79-7607-4460-964C-291B0215D28D}
	EndGlobalSection
EndGlobal
